// !$*UTF8*$!
{
	archiveVersion = 1;
	classes = {
	};
	objectVersion = 56;
	objects = {

/* Begin PBXBuildFile section */
		AF4DEC64296C6C5F002C9D29 /* RateMyCatApp.swift in Sources */ = {isa = PBXBuildFile; fileRef = AF4DEC63296C6C5F002C9D29 /* RateMyCatApp.swift */; };
		AF4DEC66296C6C5F002C9D29 /* ContentView.swift in Sources */ = {isa = PBXBuildFile; fileRef = AF4DEC65296C6C5F002C9D29 /* ContentView.swift */; };
		AF4DEC68296C6C61002C9D29 /* Assets.xcassets in Resources */ = {isa = PBXBuildFile; fileRef = AF4DEC67296C6C61002C9D29 /* Assets.xcassets */; };
		AF4DEC6B296C6C61002C9D29 /* Preview Assets.xcassets in Resources */ = {isa = PBXBuildFile; fileRef = AF4DEC6A296C6C61002C9D29 /* Preview Assets.xcassets */; };
		AF4DEC75296C6C61002C9D29 /* RateMyCatTests.swift in Sources */ = {isa = PBXBuildFile; fileRef = AF4DEC74296C6C61002C9D29 /* RateMyCatTests.swift */; };
		AF4DEC7F296C6C61002C9D29 /* RateMyCatUITests.swift in Sources */ = {isa = PBXBuildFile; fileRef = AF4DEC7E296C6C61002C9D29 /* RateMyCatUITests.swift */; };
		AF4DEC81296C6C61002C9D29 /* RateMyCatUITestsLaunchTests.swift in Sources */ = {isa = PBXBuildFile; fileRef = AF4DEC80296C6C61002C9D29 /* RateMyCatUITestsLaunchTests.swift */; };
/* End PBXBuildFile section */

/* Begin PBXContainerItemProxy section */
		AF4DEC71296C6C61002C9D29 /* PBXContainerItemProxy */ = {
			isa = PBXContainerItemProxy;
			containerPortal = AF4DEC58296C6C5F002C9D29 /* Project object */;
			proxyType = 1;
			remoteGlobalIDString = AF4DEC5F296C6C5F002C9D29;
			remoteInfo = RateMyCat;
		};
		AF4DEC7B296C6C61002C9D29 /* PBXContainerItemProxy */ = {
			isa = PBXContainerItemProxy;
			containerPortal = AF4DEC58296C6C5F002C9D29 /* Project object */;
			proxyType = 1;
			remoteGlobalIDString = AF4DEC5F296C6C5F002C9D29;
			remoteInfo = RateMyCat;
		};
/* End PBXContainerItemProxy section */

/* Begin PBXFileReference section */
		AF4DEC60296C6C5F002C9D29 /* RateMyCat.app */ = {isa = PBXFileReference; explicitFileType = wrapper.application; includeInIndex = 0; path = RateMyCat.app; sourceTree = BUILT_PRODUCTS_DIR; };
		AF4DEC63296C6C5F002C9D29 /* RateMyCatApp.swift */ = {isa = PBXFileReference; lastKnownFileType = sourcecode.swift; path = RateMyCatApp.swift; sourceTree = "<group>"; };
		AF4DEC65296C6C5F002C9D29 /* ContentView.swift */ = {isa = PBXFileReference; lastKnownFileType = sourcecode.swift; path = ContentView.swift; sourceTree = "<group>"; };
		AF4DEC67296C6C61002C9D29 /* Assets.xcassets */ = {isa = PBXFileReference; lastKnownFileType = folder.assetcatalog; path = Assets.xcassets; sourceTree = "<group>"; };
		AF4DEC6A296C6C61002C9D29 /* Preview Assets.xcassets */ = {isa = PBXFileReference; lastKnownFileType = folder.assetcatalog; path = "Preview Assets.xcassets"; sourceTree = "<group>"; };
		AF4DEC70296C6C61002C9D29 /* RateMyCatTests.xctest */ = {isa = PBXFileReference; explicitFileType = wrapper.cfbundle; includeInIndex = 0; path = RateMyCatTests.xctest; sourceTree = BUILT_PRODUCTS_DIR; };
		AF4DEC74296C6C61002C9D29 /* RateMyCatTests.swift */ = {isa = PBXFileReference; lastKnownFileType = sourcecode.swift; path = RateMyCatTests.swift; sourceTree = "<group>"; };
		AF4DEC7A296C6C61002C9D29 /* RateMyCatUITests.xctest */ = {isa = PBXFileReference; explicitFileType = wrapper.cfbundle; includeInIndex = 0; path = RateMyCatUITests.xctest; sourceTree = BUILT_PRODUCTS_DIR; };
		AF4DEC7E296C6C61002C9D29 /* RateMyCatUITests.swift */ = {isa = PBXFileReference; lastKnownFileType = sourcecode.swift; path = RateMyCatUITests.swift; sourceTree = "<group>"; };
		AF4DEC80296C6C61002C9D29 /* RateMyCatUITestsLaunchTests.swift */ = {isa = PBXFileReference; lastKnownFileType = sourcecode.swift; path = RateMyCatUITestsLaunchTests.swift; sourceTree = "<group>"; };
/* End PBXFileReference section */

/* Begin PBXFrameworksBuildPhase section */
		AF4DEC5D296C6C5F002C9D29 /* Frameworks */ = {
			isa = PBXFrameworksBuildPhase;
			buildActionMask = 2147483647;
			files = (
			);
			runOnlyForDeploymentPostprocessing = 0;
		};
		AF4DEC6D296C6C61002C9D29 /* Frameworks */ = {
			isa = PBXFrameworksBuildPhase;
			buildActionMask = 2147483647;
			files = (
			);
			runOnlyForDeploymentPostprocessing = 0;
		};
		AF4DEC77296C6C61002C9D29 /* Frameworks */ = {
			isa = PBXFrameworksBuildPhase;
			buildActionMask = 2147483647;
			files = (
			);
			runOnlyForDeploymentPostprocessing = 0;
		};
/* End PBXFrameworksBuildPhase section */

/* Begin PBXGroup section */
		AF4DEC57296C6C5F002C9D29 = {
			isa = PBXGroup;
			children = (
				AF4DEC62296C6C5F002C9D29 /* RateMyCat */,
				AF4DEC73296C6C61002C9D29 /* RateMyCatTests */,
				AF4DEC7D296C6C61002C9D29 /* RateMyCatUITests */,
				AF4DEC61296C6C5F002C9D29 /* Products */,
			);
			sourceTree = "<group>";
		};
		AF4DEC61296C6C5F002C9D29 /* Products */ = {
			isa = PBXGroup;
			children = (
				AF4DEC60296C6C5F002C9D29 /* RateMyCat.app */,
				AF4DEC70296C6C61002C9D29 /* RateMyCatTests.xctest */,
				AF4DEC7A296C6C61002C9D29 /* RateMyCatUITests.xctest */,
			);
			name = Products;
			sourceTree = "<group>";
		};
		AF4DEC62296C6C5F002C9D29 /* RateMyCat */ = {
			isa = PBXGroup;
			children = (
				AF4DEC63296C6C5F002C9D29 /* RateMyCatApp.swift */,
				AF4DEC65296C6C5F002C9D29 /* ContentView.swift */,
				AF4DEC67296C6C61002C9D29 /* Assets.xcassets */,
				AF4DEC69296C6C61002C9D29 /* Preview Content */,
			);
			path = RateMyCat;
			sourceTree = "<group>";
		};
		AF4DEC69296C6C61002C9D29 /* Preview Content */ = {
			isa = PBXGroup;
			children = (
				AF4DEC6A296C6C61002C9D29 /* Preview Assets.xcassets */,
			);
			path = "Preview Content";
			sourceTree = "<group>";
		};
		AF4DEC73296C6C61002C9D29 /* RateMyCatTests */ = {
			isa = PBXGroup;
			children = (
				AF4DEC74296C6C61002C9D29 /* RateMyCatTests.swift */,
			);
			path = RateMyCatTests;
			sourceTree = "<group>";
		};
		AF4DEC7D296C6C61002C9D29 /* RateMyCatUITests */ = {
			isa = PBXGroup;
			children = (
				AF4DEC7E296C6C61002C9D29 /* RateMyCatUITests.swift */,
				AF4DEC80296C6C61002C9D29 /* RateMyCatUITestsLaunchTests.swift */,
			);
			path = RateMyCatUITests;
			sourceTree = "<group>";
		};
/* End PBXGroup section */

/* Begin PBXNativeTarget section */
		AF4DEC5F296C6C5F002C9D29 /* RateMyCat */ = {
			isa = PBXNativeTarget;
			buildConfigurationList = AF4DEC84296C6C61002C9D29 /* Build configuration list for PBXNativeTarget "RateMyCat" */;
			buildPhases = (
				AF4DEC5C296C6C5F002C9D29 /* Sources */,
				AF4DEC5D296C6C5F002C9D29 /* Frameworks */,
				AF4DEC5E296C6C5F002C9D29 /* Resources */,
			);
			buildRules = (
			);
			dependencies = (
			);
			name = RateMyCat;
			productName = RateMyCat;
			productReference = AF4DEC60296C6C5F002C9D29 /* RateMyCat.app */;
			productType = "com.apple.product-type.application";
		};
		AF4DEC6F296C6C61002C9D29 /* RateMyCatTests */ = {
			isa = PBXNativeTarget;
			buildConfigurationList = AF4DEC87296C6C61002C9D29 /* Build configuration list for PBXNativeTarget "RateMyCatTests" */;
			buildPhases = (
				AF4DEC6C296C6C61002C9D29 /* Sources */,
				AF4DEC6D296C6C61002C9D29 /* Frameworks */,
				AF4DEC6E296C6C61002C9D29 /* Resources */,
			);
			buildRules = (
			);
			dependencies = (
				AF4DEC72296C6C61002C9D29 /* PBXTargetDependency */,
			);
			name = RateMyCatTests;
			productName = RateMyCatTests;
			productReference = AF4DEC70296C6C61002C9D29 /* RateMyCatTests.xctest */;
			productType = "com.apple.product-type.bundle.unit-test";
		};
		AF4DEC79296C6C61002C9D29 /* RateMyCatUITests */ = {
			isa = PBXNativeTarget;
			buildConfigurationList = AF4DEC8A296C6C61002C9D29 /* Build configuration list for PBXNativeTarget "RateMyCatUITests" */;
			buildPhases = (
				AF4DEC76296C6C61002C9D29 /* Sources */,
				AF4DEC77296C6C61002C9D29 /* Frameworks */,
				AF4DEC78296C6C61002C9D29 /* Resources */,
			);
			buildRules = (
			);
			dependencies = (
				AF4DEC7C296C6C61002C9D29 /* PBXTargetDependency */,
			);
			name = RateMyCatUITests;
			productName = RateMyCatUITests;
			productReference = AF4DEC7A296C6C61002C9D29 /* RateMyCatUITests.xctest */;
			productType = "com.apple.product-type.bundle.ui-testing";
		};
/* End PBXNativeTarget section */

/* Begin PBXProject section */
		AF4DEC58296C6C5F002C9D29 /* Project object */ = {
			isa = PBXProject;
			attributes = {
				BuildIndependentTargetsInParallel = 1;
				LastSwiftUpdateCheck = 1420;
				LastUpgradeCheck = 1420;
				TargetAttributes = {
					AF4DEC5F296C6C5F002C9D29 = {
						CreatedOnToolsVersion = 14.2;
					};
					AF4DEC6F296C6C61002C9D29 = {
						CreatedOnToolsVersion = 14.2;
						TestTargetID = AF4DEC5F296C6C5F002C9D29;
					};
					AF4DEC79296C6C61002C9D29 = {
						CreatedOnToolsVersion = 14.2;
						TestTargetID = AF4DEC5F296C6C5F002C9D29;
					};
				};
			};
			buildConfigurationList = AF4DEC5B296C6C5F002C9D29 /* Build configuration list for PBXProject "RateMyCat" */;
			compatibilityVersion = "Xcode 14.0";
			developmentRegion = en;
			hasScannedForEncodings = 0;
			knownRegions = (
				en,
				Base,
			);
			mainGroup = AF4DEC57296C6C5F002C9D29;
			productRefGroup = AF4DEC61296C6C5F002C9D29 /* Products */;
			projectDirPath = "";
			projectRoot = "";
			targets = (
				AF4DEC5F296C6C5F002C9D29 /* RateMyCat */,
				AF4DEC6F296C6C61002C9D29 /* RateMyCatTests */,
				AF4DEC79296C6C61002C9D29 /* RateMyCatUITests */,
			);
		};
/* End PBXProject section */

/* Begin PBXResourcesBuildPhase section */
		AF4DEC5E296C6C5F002C9D29 /* Resources */ = {
			isa = PBXResourcesBuildPhase;
			buildActionMask = 2147483647;
			files = (
				AF4DEC6B296C6C61002C9D29 /* Preview Assets.xcassets in Resources */,
				AF4DEC68296C6C61002C9D29 /* Assets.xcassets in Resources */,
			);
			runOnlyForDeploymentPostprocessing = 0;
		};
		AF4DEC6E296C6C61002C9D29 /* Resources */ = {
			isa = PBXResourcesBuildPhase;
			buildActionMask = 2147483647;
			files = (
			);
			runOnlyForDeploymentPostprocessing = 0;
		};
		AF4DEC78296C6C61002C9D29 /* Resources */ = {
			isa = PBXResourcesBuildPhase;
			buildActionMask = 2147483647;
			files = (
			);
			runOnlyForDeploymentPostprocessing = 0;
		};
/* End PBXResourcesBuildPhase section */

/* Begin PBXSourcesBuildPhase section */
		AF4DEC5C296C6C5F002C9D29 /* Sources */ = {
			isa = PBXSourcesBuildPhase;
			buildActionMask = 2147483647;
			files = (
				AF4DEC66296C6C5F002C9D29 /* ContentView.swift in Sources */,
				AF4DEC64296C6C5F002C9D29 /* RateMyCatApp.swift in Sources */,
			);
			runOnlyForDeploymentPostprocessing = 0;
		};
		AF4DEC6C296C6C61002C9D29 /* Sources */ = {
			isa = PBXSourcesBuildPhase;
			buildActionMask = 2147483647;
			files = (
				AF4DEC75296C6C61002C9D29 /* RateMyCatTests.swift in Sources */,
			);
			runOnlyForDeploymentPostprocessing = 0;
		};
		AF4DEC76296C6C61002C9D29 /* Sources */ = {
			isa = PBXSourcesBuildPhase;
			buildActionMask = 2147483647;
			files = (
				AF4DEC7F296C6C61002C9D29 /* RateMyCatUITests.swift in Sources */,
				AF4DEC81296C6C61002C9D29 /* RateMyCatUITestsLaunchTests.swift in Sources */,
			);
			runOnlyForDeploymentPostprocessing = 0;
		};
/* End PBXSourcesBuildPhase section */

/* Begin PBXTargetDependency section */
		AF4DEC72296C6C61002C9D29 /* PBXTargetDependency */ = {
			isa = PBXTargetDependency;
			target = AF4DEC5F296C6C5F002C9D29 /* RateMyCat */;
			targetProxy = AF4DEC71296C6C61002C9D29 /* PBXContainerItemProxy */;
		};
		AF4DEC7C296C6C61002C9D29 /* PBXTargetDependency */ = {
			isa = PBXTargetDependency;
			target = AF4DEC5F296C6C5F002C9D29 /* RateMyCat */;
			targetProxy = AF4DEC7B296C6C61002C9D29 /* PBXContainerItemProxy */;
		};
/* End PBXTargetDependency section */

/* Begin XCBuildConfiguration section */
		AF4DEC82296C6C61002C9D29 /* Debug */ = {
			isa = XCBuildConfiguration;
			buildSettings = {
				ALWAYS_SEARCH_USER_PATHS = NO;
				CLANG_ANALYZER_NONNULL = YES;
				CLANG_ANALYZER_NUMBER_OBJECT_CONVERSION = YES_AGGRESSIVE;
				CLANG_CXX_LANGUAGE_STANDARD = "gnu++20";
				CLANG_ENABLE_MODULES = YES;
				CLANG_ENABLE_OBJC_ARC = YES;
				CLANG_ENABLE_OBJC_WEAK = YES;
				CLANG_WARN_BLOCK_CAPTURE_AUTORELEASING = YES;
				CLANG_WARN_BOOL_CONVERSION = YES;
				CLANG_WARN_COMMA = YES;
				CLANG_WARN_CONSTANT_CONVERSION = YES;
				CLANG_WARN_DEPRECATED_OBJC_IMPLEMENTATIONS = YES;
				CLANG_WARN_DIRECT_OBJC_ISA_USAGE = YES_ERROR;
				CLANG_WARN_DOCUMENTATION_COMMENTS = YES;
				CLANG_WARN_EMPTY_BODY = YES;
				CLANG_WARN_ENUM_CONVERSION = YES;
				CLANG_WARN_INFINITE_RECURSION = YES;
				CLANG_WARN_INT_CONVERSION = YES;
				CLANG_WARN_NON_LITERAL_NULL_CONVERSION = YES;
				CLANG_WARN_OBJC_IMPLICIT_RETAIN_SELF = YES;
				CLANG_WARN_OBJC_LITERAL_CONVERSION = YES;
				CLANG_WARN_OBJC_ROOT_CLASS = YES_ERROR;
				CLANG_WARN_QUOTED_INCLUDE_IN_FRAMEWORK_HEADER = YES;
				CLANG_WARN_RANGE_LOOP_ANALYSIS = YES;
				CLANG_WARN_STRICT_PROTOTYPES = YES;
				CLANG_WARN_SUSPICIOUS_MOVE = YES;
				CLANG_WARN_UNGUARDED_AVAILABILITY = YES_AGGRESSIVE;
				CLANG_WARN_UNREACHABLE_CODE = YES;
				CLANG_WARN__DUPLICATE_METHOD_MATCH = YES;
				COPY_PHASE_STRIP = NO;
				DEBUG_INFORMATION_FORMAT = dwarf;
				ENABLE_STRICT_OBJC_MSGSEND = YES;
				ENABLE_TESTABILITY = YES;
				GCC_C_LANGUAGE_STANDARD = gnu11;
				GCC_DYNAMIC_NO_PIC = NO;
				GCC_NO_COMMON_BLOCKS = YES;
				GCC_OPTIMIZATION_LEVEL = 0;
				GCC_PREPROCESSOR_DEFINITIONS = (
					"DEBUG=1",
					"$(inherited)",
				);
				GCC_WARN_64_TO_32_BIT_CONVERSION = YES;
				GCC_WARN_ABOUT_RETURN_TYPE = YES_ERROR;
				GCC_WARN_UNDECLARED_SELECTOR = YES;
				GCC_WARN_UNINITIALIZED_AUTOS = YES_AGGRESSIVE;
				GCC_WARN_UNUSED_FUNCTION = YES;
				GCC_WARN_UNUSED_VARIABLE = YES;
				IPHONEOS_DEPLOYMENT_TARGET = 16.2;
				MTL_ENABLE_DEBUG_INFO = INCLUDE_SOURCE;
				MTL_FAST_MATH = YES;
				ONLY_ACTIVE_ARCH = YES;
				SDKROOT = iphoneos;
				SWIFT_ACTIVE_COMPILATION_CONDITIONS = DEBUG;
				SWIFT_OPTIMIZATION_LEVEL = "-Onone";
			};
			name = Debug;
		};
		AF4DEC83296C6C61002C9D29 /* Release */ = {
			isa = XCBuildConfiguration;
			buildSettings = {
				ALWAYS_SEARCH_USER_PATHS = NO;
				CLANG_ANALYZER_NONNULL = YES;
				CLANG_ANALYZER_NUMBER_OBJECT_CONVERSION = YES_AGGRESSIVE;
				CLANG_CXX_LANGUAGE_STANDARD = "gnu++20";
				CLANG_ENABLE_MODULES = YES;
				CLANG_ENABLE_OBJC_ARC = YES;
				CLANG_ENABLE_OBJC_WEAK = YES;
				CLANG_WARN_BLOCK_CAPTURE_AUTORELEASING = YES;
				CLANG_WARN_BOOL_CONVERSION = YES;
				CLANG_WARN_COMMA = YES;
				CLANG_WARN_CONSTANT_CONVERSION = YES;
				CLANG_WARN_DEPRECATED_OBJC_IMPLEMENTATIONS = YES;
				CLANG_WARN_DIRECT_OBJC_ISA_USAGE = YES_ERROR;
				CLANG_WARN_DOCUMENTATION_COMMENTS = YES;
				CLANG_WARN_EMPTY_BODY = YES;
				CLANG_WARN_ENUM_CONVERSION = YES;
				CLANG_WARN_INFINITE_RECURSION = YES;
				CLANG_WARN_INT_CONVERSION = YES;
				CLANG_WARN_NON_LITERAL_NULL_CONVERSION = YES;
				CLANG_WARN_OBJC_IMPLICIT_RETAIN_SELF = YES;
				CLANG_WARN_OBJC_LITERAL_CONVERSION = YES;
				CLANG_WARN_OBJC_ROOT_CLASS = YES_ERROR;
				CLANG_WARN_QUOTED_INCLUDE_IN_FRAMEWORK_HEADER = YES;
				CLANG_WARN_RANGE_LOOP_ANALYSIS = YES;
				CLANG_WARN_STRICT_PROTOTYPES = YES;
				CLANG_WARN_SUSPICIOUS_MOVE = YES;
				CLANG_WARN_UNGUARDED_AVAILABILITY = YES_AGGRESSIVE;
				CLANG_WARN_UNREACHABLE_CODE = YES;
				CLANG_WARN__DUPLICATE_METHOD_MATCH = YES;
				COPY_PHASE_STRIP = NO;
				DEBUG_INFORMATION_FORMAT = "dwarf-with-dsym";
				ENABLE_NS_ASSERTIONS = NO;
				ENABLE_STRICT_OBJC_MSGSEND = YES;
				GCC_C_LANGUAGE_STANDARD = gnu11;
				GCC_NO_COMMON_BLOCKS = YES;
				GCC_WARN_64_TO_32_BIT_CONVERSION = YES;
				GCC_WARN_ABOUT_RETURN_TYPE = YES_ERROR;
				GCC_WARN_UNDECLARED_SELECTOR = YES;
				GCC_WARN_UNINITIALIZED_AUTOS = YES_AGGRESSIVE;
				GCC_WARN_UNUSED_FUNCTION = YES;
				GCC_WARN_UNUSED_VARIABLE = YES;
				IPHONEOS_DEPLOYMENT_TARGET = 16.2;
				MTL_ENABLE_DEBUG_INFO = NO;
				MTL_FAST_MATH = YES;
				SDKROOT = iphoneos;
				SWIFT_COMPILATION_MODE = wholemodule;
				SWIFT_OPTIMIZATION_LEVEL = "-O";
				VALIDATE_PRODUCT = YES;
			};
			name = Release;
		};
		AF4DEC85296C6C61002C9D29 /* Debug */ = {
			isa = XCBuildConfiguration;
			buildSettings = {
				ASSETCATALOG_COMPILER_APPICON_NAME = AppIcon;
				ASSETCATALOG_COMPILER_GLOBAL_ACCENT_COLOR_NAME = AccentColor;
				CODE_SIGN_STYLE = Automatic;
				CURRENT_PROJECT_VERSION = 1;
				DEVELOPMENT_ASSET_PATHS = "\"RateMyCat/Preview Content\"";
				DEVELOPMENT_TEAM = 8X7UVR2M33;
				ENABLE_PREVIEWS = YES;
				GENERATE_INFOPLIST_FILE = YES;
				INFOPLIST_KEY_UIApplicationSceneManifest_Generation = YES;
				INFOPLIST_KEY_UIApplicationSupportsIndirectInputEvents = YES;
				INFOPLIST_KEY_UILaunchScreen_Generation = YES;
				INFOPLIST_KEY_UISupportedInterfaceOrientations_iPad = "UIInterfaceOrientationPortrait UIInterfaceOrientationPortraitUpsideDown UIInterfaceOrientationLandscapeLeft UIInterfaceOrientationLandscapeRight";
				INFOPLIST_KEY_UISupportedInterfaceOrientations_iPhone = "UIInterfaceOrientationPortrait UIInterfaceOrientationLandscapeLeft UIInterfaceOrientationLandscapeRight";
				LD_RUNPATH_SEARCH_PATHS = (
					"$(inherited)",
					"@executable_path/Frameworks",
				);
				MARKETING_VERSION = 1.0;
				PRODUCT_BUNDLE_IDENTIFIER = com.md.RateMyCat;
				PRODUCT_NAME = "$(TARGET_NAME)";
				SWIFT_EMIT_LOC_STRINGS = YES;
				SWIFT_VERSION = 5.0;
				TARGETED_DEVICE_FAMILY = "1,2";
			};
			name = Debug;
		};
		AF4DEC86296C6C61002C9D29 /* Release */ = {
			isa = XCBuildConfiguration;
			buildSettings = {
				ASSETCATALOG_COMPILER_APPICON_NAME = AppIcon;
				ASSETCATALOG_COMPILER_GLOBAL_ACCENT_COLOR_NAME = AccentColor;
				CODE_SIGN_STYLE = Automatic;
				CURRENT_PROJECT_VERSION = 1;
				DEVELOPMENT_ASSET_PATHS = "\"RateMyCat/Preview Content\"";
				DEVELOPMENT_TEAM = 8X7UVR2M33;
				ENABLE_PREVIEWS = YES;
				GENERATE_INFOPLIST_FILE = YES;
				INFOPLIST_KEY_UIApplicationSceneManifest_Generation = YES;
				INFOPLIST_KEY_UIApplicationSupportsIndirectInputEvents = YES;
				INFOPLIST_KEY_UILaunchScreen_Generation = YES;
				INFOPLIST_KEY_UISupportedInterfaceOrientations_iPad = "UIInterfaceOrientationPortrait UIInterfaceOrientationPortraitUpsideDown UIInterfaceOrientationLandscapeLeft UIInterfaceOrientationLandscapeRight";
				INFOPLIST_KEY_UISupportedInterfaceOrientations_iPhone = "UIInterfaceOrientationPortrait UIInterfaceOrientationLandscapeLeft UIInterfaceOrientationLandscapeRight";
				LD_RUNPATH_SEARCH_PATHS = (
					"$(inherited)",
					"@executable_path/Frameworks",
				);
				MARKETING_VERSION = 1.0;
				PRODUCT_BUNDLE_IDENTIFIER = com.md.RateMyCat;
				PRODUCT_NAME = "$(TARGET_NAME)";
				SWIFT_EMIT_LOC_STRINGS = YES;
				SWIFT_VERSION = 5.0;
				TARGETED_DEVICE_FAMILY = "1,2";
			};
			name = Release;
		};
		AF4DEC88296C6C61002C9D29 /* Debug */ = {
			isa = XCBuildConfiguration;
			buildSettings = {
				ALWAYS_EMBED_SWIFT_STANDARD_LIBRARIES = YES;
				BUNDLE_LOADER = "$(TEST_HOST)";
				CODE_SIGN_STYLE = Automatic;
				CURRENT_PROJECT_VERSION = 1;
				DEVELOPMENT_TEAM = 8X7UVR2M33;
				GENERATE_INFOPLIST_FILE = YES;
				IPHONEOS_DEPLOYMENT_TARGET = 16.2;
				MARKETING_VERSION = 1.0;
				PRODUCT_BUNDLE_IDENTIFIER = com.md.RateMyCatTests;
				PRODUCT_NAME = "$(TARGET_NAME)";
				SWIFT_EMIT_LOC_STRINGS = NO;
				SWIFT_VERSION = 5.0;
				TARGETED_DEVICE_FAMILY = "1,2";
				TEST_HOST = "$(BUILT_PRODUCTS_DIR)/RateMyCat.app/$(BUNDLE_EXECUTABLE_FOLDER_PATH)/RateMyCat";
			};
			name = Debug;
		};
		AF4DEC89296C6C61002C9D29 /* Release */ = {
			isa = XCBuildConfiguration;
			buildSettings = {
				ALWAYS_EMBED_SWIFT_STANDARD_LIBRARIES = YES;
				BUNDLE_LOADER = "$(TEST_HOST)";
				CODE_SIGN_STYLE = Automatic;
				CURRENT_PROJECT_VERSION = 1;
				DEVELOPMENT_TEAM = 8X7UVR2M33;
				GENERATE_INFOPLIST_FILE = YES;
				IPHONEOS_DEPLOYMENT_TARGET = 16.2;
				MARKETING_VERSION = 1.0;
				PRODUCT_BUNDLE_IDENTIFIER = com.md.RateMyCatTests;
				PRODUCT_NAME = "$(TARGET_NAME)";
				SWIFT_EMIT_LOC_STRINGS = NO;
				SWIFT_VERSION = 5.0;
				TARGETED_DEVICE_FAMILY = "1,2";
				TEST_HOST = "$(BUILT_PRODUCTS_DIR)/RateMyCat.app/$(BUNDLE_EXECUTABLE_FOLDER_PATH)/RateMyCat";
			};
			name = Release;
		};
		AF4DEC8B296C6C61002C9D29 /* Debug */ = {
			isa = XCBuildConfiguration;
			buildSettings = {
				ALWAYS_EMBED_SWIFT_STANDARD_LIBRARIES = YES;
				CODE_SIGN_STYLE = Automatic;
				CURRENT_PROJECT_VERSION = 1;
				DEVELOPMENT_TEAM = 8X7UVR2M33;
				GENERATE_INFOPLIST_FILE = YES;
				MARKETING_VERSION = 1.0;
				PRODUCT_BUNDLE_IDENTIFIER = com.md.RateMyCatUITests;
				PRODUCT_NAME = "$(TARGET_NAME)";
				SWIFT_EMIT_LOC_STRINGS = NO;
				SWIFT_VERSION = 5.0;
				TARGETED_DEVICE_FAMILY = "1,2";
				TEST_TARGET_NAME = RateMyCat;
			};
			name = Debug;
		};
		AF4DEC8C296C6C61002C9D29 /* Release */ = {
			isa = XCBuildConfiguration;
			buildSettings = {
				ALWAYS_EMBED_SWIFT_STANDARD_LIBRARIES = YES;
				CODE_SIGN_STYLE = Automatic;
				CURRENT_PROJECT_VERSION = 1;
				DEVELOPMENT_TEAM = 8X7UVR2M33;
				GENERATE_INFOPLIST_FILE = YES;
				MARKETING_VERSION = 1.0;
				PRODUCT_BUNDLE_IDENTIFIER = com.md.RateMyCatUITests;
				PRODUCT_NAME = "$(TARGET_NAME)";
				SWIFT_EMIT_LOC_STRINGS = NO;
				SWIFT_VERSION = 5.0;
				TARGETED_DEVICE_FAMILY = "1,2";
				TEST_TARGET_NAME = RateMyCat;
			};
			name = Release;
		};
/* End XCBuildConfiguration section */

/* Begin XCConfigurationList section */
		AF4DEC5B296C6C5F002C9D29 /* Build configuration list for PBXProject "RateMyCat" */ = {
			isa = XCConfigurationList;
			buildConfigurations = (
				AF4DEC82296C6C61002C9D29 /* Debug */,
				AF4DEC83296C6C61002C9D29 /* Release */,
			);
			defaultConfigurationIsVisible = 0;
			defaultConfigurationName = Release;
		};
		AF4DEC84296C6C61002C9D29 /* Build configuration list for PBXNativeTarget "RateMyCat" */ = {
			isa = XCConfigurationList;
			buildConfigurations = (
				AF4DEC85296C6C61002C9D29 /* Debug */,
				AF4DEC86296C6C61002C9D29 /* Release */,
			);
			defaultConfigurationIsVisible = 0;
			defaultConfigurationName = Release;
		};
		AF4DEC87296C6C61002C9D29 /* Build configuration list for PBXNativeTarget "RateMyCatTests" */ = {
			isa = XCConfigurationList;
			buildConfigurations = (
				AF4DEC88296C6C61002C9D29 /* Debug */,
				AF4DEC89296C6C61002C9D29 /* Release */,
			);
			defaultConfigurationIsVisible = 0;
			defaultConfigurationName = Release;
		};
		AF4DEC8A296C6C61002C9D29 /* Build configuration list for PBXNativeTarget "RateMyCatUITests" */ = {
			isa = XCConfigurationList;
			buildConfigurations = (
				AF4DEC8B296C6C61002C9D29 /* Debug */,
				AF4DEC8C296C6C61002C9D29 /* Release */,
			);
			defaultConfigurationIsVisible = 0;
			defaultConfigurationName = Release;
		};
/* End XCConfigurationList section */
	};
	rootObject = AF4DEC58296C6C5F002C9D29 /* Project object */;
}
